
Microsoft Visual Studio Solution File, Format Version 12.00
# Visual Studio 16
Project("{FAE04EC0-301F-11D3-BF4B-00C04F79EFBC}") = "Assembly-CSharp", "Assembly-CSharp.csproj", "{FE28AEF4-C6D9-3A5B-20F9-E245D094B1F7}"
EndProject
Global
	GlobalSection(SolutionConfigurationPlatforms) = preSolution
		Debug|Any CPU = Debug|Any CPU
		Release|Any CPU = Release|Any CPU
	EndGlobalSection
	GlobalSection(ProjectConfigurationPlatforms) = postSolution
		{FE28AEF4-C6D9-3A5B-20F9-E245D094B1F7}.Debug|Any CPU.ActiveCfg = Debug|Any CPU
		{FE28AEF4-C6D9-3A5B-20F9-E245D094B1F7}.Debug|Any CPU.Build.0 = Debug|Any CPU
		{FE28AEF4-C6D9-3A5B-20F9-E245D094B1F7}.Release|Any CPU.ActiveCfg = Release|Any CPU
		{FE28AEF4-C6D9-3A5B-20F9-E245D094B1F7}.Release|Any CPU.Build.0 = Release|Any CPU
	EndGlobalSection
	GlobalSection(SolutionProperties) = preSolution
		HideSolutionNode = FALSE
	EndGlobalSection
EndGlobal
